Microsoft Visual Studio Solution File, Format Version 12.00
# Visual Studio Express 2012 for Web
Project("{FAE04EC0-301F-11D3-BF4B-00C04F79EFBC}") = "ElasticElmahMVC", "ElasticElmahMVC\ElasticElmahMVC.csproj", "{04CD023A-1822-43DA-82A7-D87863E613ED}"
EndProject
Project("{FAE04EC0-301F-11D3-BF4B-00C04F79EFBC}") = "ElasticElmahMVC.Tests", "ElasticElmahMVC.Tests\ElasticElmahMVC.Tests.csproj", "{83C91646-89BB-44CC-9A75-4583AC41BAB7}"
EndProject
Project("{FAE04EC0-301F-11D3-BF4B-00C04F79EFBC}") = "ElasticElmah.Core", "ElasticElmah.Core\ElasticElmah.Core.csproj", "{78D25C0C-BE6B-4771-B0D1-11B7277329E4}"
EndProject
Global
	GlobalSection(SolutionConfigurationPlatforms) = preSolution
		Debug|.NET = Debug|.NET
		Debug|Any CPU = Debug|Any CPU
		Debug|Mixed Platforms = Debug|Mixed Platforms
		Release|.NET = Release|.NET
		Release|Any CPU = Release|Any CPU
		Release|Mixed Platforms = Release|Mixed Platforms
	EndGlobalSection
	GlobalSection(ProjectConfigurationPlatforms) = postSolution
		{04CD023A-1822-43DA-82A7-D87863E613ED}.Debug|.NET.ActiveCfg = Debug|Any CPU
		{04CD023A-1822-43DA-82A7-D87863E613ED}.Debug|Any CPU.ActiveCfg = Debug|Any CPU
		{04CD023A-1822-43DA-82A7-D87863E613ED}.Debug|Any CPU.Build.0 = Debug|Any CPU
		{04CD023A-1822-43DA-82A7-D87863E613ED}.Debug|Mixed Platforms.ActiveCfg = Debug|Any CPU
		{04CD023A-1822-43DA-82A7-D87863E613ED}.Debug|Mixed Platforms.Build.0 = Debug|Any CPU
		{04CD023A-1822-43DA-82A7-D87863E613ED}.Release|.NET.ActiveCfg = Release|Any CPU
		{04CD023A-1822-43DA-82A7-D87863E613ED}.Release|Any CPU.ActiveCfg = Release|Any CPU
		{04CD023A-1822-43DA-82A7-D87863E613ED}.Release|Any CPU.Build.0 = Release|Any CPU
		{04CD023A-1822-43DA-82A7-D87863E613ED}.Release|Mixed Platforms.ActiveCfg = Release|Any CPU
		{04CD023A-1822-43DA-82A7-D87863E613ED}.Release|Mixed Platforms.Build.0 = Release|Any CPU
		{83C91646-89BB-44CC-9A75-4583AC41BAB7}.Debug|.NET.ActiveCfg = Debug|Any CPU
		{83C91646-89BB-44CC-9A75-4583AC41BAB7}.Debug|Any CPU.ActiveCfg = Debug|Any CPU
		{83C91646-89BB-44CC-9A75-4583AC41BAB7}.Debug|Any CPU.Build.0 = Debug|Any CPU
		{83C91646-89BB-44CC-9A75-4583AC41BAB7}.Debug|Mixed Platforms.ActiveCfg = Debug|Any CPU
		{83C91646-89BB-44CC-9A75-4583AC41BAB7}.Debug|Mixed Platforms.Build.0 = Debug|Any CPU
		{83C91646-89BB-44CC-9A75-4583AC41BAB7}.Release|.NET.ActiveCfg = Release|Any CPU
		{83C91646-89BB-44CC-9A75-4583AC41BAB7}.Release|Any CPU.ActiveCfg = Release|Any CPU
		{83C91646-89BB-44CC-9A75-4583AC41BAB7}.Release|Any CPU.Build.0 = Release|Any CPU
		{83C91646-89BB-44CC-9A75-4583AC41BAB7}.Release|Mixed Platforms.ActiveCfg = Release|Any CPU
		{83C91646-89BB-44CC-9A75-4583AC41BAB7}.Release|Mixed Platforms.Build.0 = Release|Any CPU
		{78D25C0C-BE6B-4771-B0D1-11B7277329E4}.Debug|.NET.ActiveCfg = Debug|Any CPU
		{78D25C0C-BE6B-4771-B0D1-11B7277329E4}.Debug|Any CPU.ActiveCfg = Debug|Any CPU
		{78D25C0C-BE6B-4771-B0D1-11B7277329E4}.Debug|Any CPU.Build.0 = Debug|Any CPU
		{78D25C0C-BE6B-4771-B0D1-11B7277329E4}.Debug|Mixed Platforms.ActiveCfg = Debug|Any CPU
		{78D25C0C-BE6B-4771-B0D1-11B7277329E4}.Debug|Mixed Platforms.Build.0 = Debug|Any CPU
		{78D25C0C-BE6B-4771-B0D1-11B7277329E4}.Release|.NET.ActiveCfg = Release|Any CPU
		{78D25C0C-BE6B-4771-B0D1-11B7277329E4}.Release|Any CPU.ActiveCfg = Release|Any CPU
		{78D25C0C-BE6B-4771-B0D1-11B7277329E4}.Release|Any CPU.Build.0 = Release|Any CPU
		{78D25C0C-BE6B-4771-B0D1-11B7277329E4}.Release|Mixed Platforms.ActiveCfg = Release|Any CPU
		{78D25C0C-BE6B-4771-B0D1-11B7277329E4}.Release|Mixed Platforms.Build.0 = Release|Any CPU
	EndGlobalSection
	GlobalSection(SolutionProperties) = preSolution
		HideSolutionNode = FALSE
	EndGlobalSection
EndGlobal
