
Microsoft Visual Studio Solution File, Format Version 12.00
# Visual Studio 2012
Project("{FAE04EC0-301F-11D3-BF4B-00C04F79EFBC}") = "ElasticElmah.Appender", "ElasticElmah.Appender\ElasticElmah.Appender.csproj", "{C9EA9975-0609-4330-A69F-B8C608A46E28}"
EndProject
Project("{FAE04EC0-301F-11D3-BF4B-00C04F79EFBC}") = "ElasticElmah.Appender.Tests", "ElasticElmah.Appender.Tests\ElasticElmah.Appender.Tests.csproj", "{4F8C1DA9-B511-44E8-AAB8-47218A7ADFEB}"
EndProject
Project("{2150E333-8FDC-42A3-9474-1A3956D46DE8}") = ".nuget", ".nuget", "{262662BC-3BE0-464F-8AA1-A32D22499BE3}"
	ProjectSection(SolutionItems) = preProject
		.nuget\NuGet.Config = .nuget\NuGet.Config
		.nuget\NuGet.exe = .nuget\NuGet.exe
		.nuget\NuGet.targets = .nuget\NuGet.targets
		.nuget\packages.config = .nuget\packages.config
	EndProjectSection
EndProject
Project("{FAE04EC0-301F-11D3-BF4B-00C04F79EFBC}") = "ElasticElmah.Tail", "ElasticElmah.Tail\ElasticElmah.Tail.csproj", "{64D64941-C9B6-4ABC-AEB7-4EBBFA0B68D7}"
EndProject
Project("{FAE04EC0-301F-11D3-BF4B-00C04F79EFBC}") = "ElasticElmah.Mvc", "ElasticElmah.Mvc\ElasticElmah.Mvc.csproj", "{0C8F10A8-3070-432E-9880-89D0C9854080}"
EndProject
Project("{FAE04EC0-301F-11D3-BF4B-00C04F79EFBC}") = "ElasticElmah.Appender.net20", "ElasticElmah.Appender.net20\ElasticElmah.Appender.net20.csproj", "{974D56B0-ED86-4D80-80B1-401BD77C9FD6}"
EndProject
Global
	GlobalSection(SolutionConfigurationPlatforms) = preSolution
		Debug|.NET = Debug|.NET
		Debug|Any CPU = Debug|Any CPU
		Debug|Mixed Platforms = Debug|Mixed Platforms
		Debug|x86 = Debug|x86
		Release|.NET = Release|.NET
		Release|Any CPU = Release|Any CPU
		Release|Mixed Platforms = Release|Mixed Platforms
		Release|x86 = Release|x86
	EndGlobalSection
	GlobalSection(ProjectConfigurationPlatforms) = postSolution
		{0C8F10A8-3070-432E-9880-89D0C9854080}.Debug|.NET.ActiveCfg = Debug|Any CPU
		{0C8F10A8-3070-432E-9880-89D0C9854080}.Debug|Any CPU.ActiveCfg = Debug|Any CPU
		{0C8F10A8-3070-432E-9880-89D0C9854080}.Debug|Any CPU.Build.0 = Debug|Any CPU
		{0C8F10A8-3070-432E-9880-89D0C9854080}.Debug|Mixed Platforms.ActiveCfg = Debug|Any CPU
		{0C8F10A8-3070-432E-9880-89D0C9854080}.Debug|Mixed Platforms.Build.0 = Debug|Any CPU
		{0C8F10A8-3070-432E-9880-89D0C9854080}.Debug|x86.ActiveCfg = Debug|Any CPU
		{0C8F10A8-3070-432E-9880-89D0C9854080}.Release|.NET.ActiveCfg = Release|Any CPU
		{0C8F10A8-3070-432E-9880-89D0C9854080}.Release|Any CPU.ActiveCfg = Release|Any CPU
		{0C8F10A8-3070-432E-9880-89D0C9854080}.Release|Any CPU.Build.0 = Release|Any CPU
		{0C8F10A8-3070-432E-9880-89D0C9854080}.Release|Mixed Platforms.ActiveCfg = Release|Any CPU
		{0C8F10A8-3070-432E-9880-89D0C9854080}.Release|Mixed Platforms.Build.0 = Release|Any CPU
		{0C8F10A8-3070-432E-9880-89D0C9854080}.Release|x86.ActiveCfg = Release|Any CPU
		{4F8C1DA9-B511-44E8-AAB8-47218A7ADFEB}.Debug|.NET.ActiveCfg = Debug|Any CPU
		{4F8C1DA9-B511-44E8-AAB8-47218A7ADFEB}.Debug|Any CPU.ActiveCfg = Debug|Any CPU
		{4F8C1DA9-B511-44E8-AAB8-47218A7ADFEB}.Debug|Any CPU.Build.0 = Debug|Any CPU
		{4F8C1DA9-B511-44E8-AAB8-47218A7ADFEB}.Debug|Mixed Platforms.ActiveCfg = Debug|Any CPU
		{4F8C1DA9-B511-44E8-AAB8-47218A7ADFEB}.Debug|Mixed Platforms.Build.0 = Debug|Any CPU
		{4F8C1DA9-B511-44E8-AAB8-47218A7ADFEB}.Debug|x86.ActiveCfg = Debug|Any CPU
		{4F8C1DA9-B511-44E8-AAB8-47218A7ADFEB}.Release|.NET.ActiveCfg = Release|Any CPU
		{4F8C1DA9-B511-44E8-AAB8-47218A7ADFEB}.Release|Any CPU.ActiveCfg = Release|Any CPU
		{4F8C1DA9-B511-44E8-AAB8-47218A7ADFEB}.Release|Any CPU.Build.0 = Release|Any CPU
		{4F8C1DA9-B511-44E8-AAB8-47218A7ADFEB}.Release|Mixed Platforms.ActiveCfg = Release|Any CPU
		{4F8C1DA9-B511-44E8-AAB8-47218A7ADFEB}.Release|Mixed Platforms.Build.0 = Release|Any CPU
		{4F8C1DA9-B511-44E8-AAB8-47218A7ADFEB}.Release|x86.ActiveCfg = Release|Any CPU
		{64D64941-C9B6-4ABC-AEB7-4EBBFA0B68D7}.Debug|.NET.ActiveCfg = Debug|x86
		{64D64941-C9B6-4ABC-AEB7-4EBBFA0B68D7}.Debug|Any CPU.ActiveCfg = Debug|x86
		{64D64941-C9B6-4ABC-AEB7-4EBBFA0B68D7}.Debug|Any CPU.Build.0 = Debug|x86
		{64D64941-C9B6-4ABC-AEB7-4EBBFA0B68D7}.Debug|Mixed Platforms.ActiveCfg = Debug|x86
		{64D64941-C9B6-4ABC-AEB7-4EBBFA0B68D7}.Debug|Mixed Platforms.Build.0 = Debug|x86
		{64D64941-C9B6-4ABC-AEB7-4EBBFA0B68D7}.Debug|x86.ActiveCfg = Debug|x86
		{64D64941-C9B6-4ABC-AEB7-4EBBFA0B68D7}.Debug|x86.Build.0 = Debug|x86
		{64D64941-C9B6-4ABC-AEB7-4EBBFA0B68D7}.Release|.NET.ActiveCfg = Release|x86
		{64D64941-C9B6-4ABC-AEB7-4EBBFA0B68D7}.Release|Any CPU.ActiveCfg = Release|x86
		{64D64941-C9B6-4ABC-AEB7-4EBBFA0B68D7}.Release|Mixed Platforms.ActiveCfg = Release|x86
		{64D64941-C9B6-4ABC-AEB7-4EBBFA0B68D7}.Release|Mixed Platforms.Build.0 = Release|x86
		{64D64941-C9B6-4ABC-AEB7-4EBBFA0B68D7}.Release|x86.ActiveCfg = Release|x86
		{64D64941-C9B6-4ABC-AEB7-4EBBFA0B68D7}.Release|x86.Build.0 = Release|x86
		{974D56B0-ED86-4D80-80B1-401BD77C9FD6}.Debug|.NET.ActiveCfg = Debug|Any CPU
		{974D56B0-ED86-4D80-80B1-401BD77C9FD6}.Debug|.NET.Build.0 = Debug|Any CPU
		{974D56B0-ED86-4D80-80B1-401BD77C9FD6}.Debug|Any CPU.ActiveCfg = Debug|Any CPU
		{974D56B0-ED86-4D80-80B1-401BD77C9FD6}.Debug|Any CPU.Build.0 = Debug|Any CPU
		{974D56B0-ED86-4D80-80B1-401BD77C9FD6}.Debug|Mixed Platforms.ActiveCfg = Debug|Any CPU
		{974D56B0-ED86-4D80-80B1-401BD77C9FD6}.Debug|Mixed Platforms.Build.0 = Debug|Any CPU
		{974D56B0-ED86-4D80-80B1-401BD77C9FD6}.Debug|x86.ActiveCfg = Debug|Any CPU
		{974D56B0-ED86-4D80-80B1-401BD77C9FD6}.Debug|x86.Build.0 = Debug|Any CPU
		{974D56B0-ED86-4D80-80B1-401BD77C9FD6}.Release|.NET.ActiveCfg = Release|Any CPU
		{974D56B0-ED86-4D80-80B1-401BD77C9FD6}.Release|.NET.Build.0 = Release|Any CPU
		{974D56B0-ED86-4D80-80B1-401BD77C9FD6}.Release|Any CPU.ActiveCfg = Release|Any CPU
		{974D56B0-ED86-4D80-80B1-401BD77C9FD6}.Release|Any CPU.Build.0 = Release|Any CPU
		{974D56B0-ED86-4D80-80B1-401BD77C9FD6}.Release|Mixed Platforms.ActiveCfg = Release|Any CPU
		{974D56B0-ED86-4D80-80B1-401BD77C9FD6}.Release|Mixed Platforms.Build.0 = Release|Any CPU
		{974D56B0-ED86-4D80-80B1-401BD77C9FD6}.Release|x86.ActiveCfg = Release|Any CPU
		{974D56B0-ED86-4D80-80B1-401BD77C9FD6}.Release|x86.Build.0 = Release|Any CPU
		{C9EA9975-0609-4330-A69F-B8C608A46E28}.Debug|.NET.ActiveCfg = Debug|Any CPU
		{C9EA9975-0609-4330-A69F-B8C608A46E28}.Debug|Any CPU.ActiveCfg = Debug|Any CPU
		{C9EA9975-0609-4330-A69F-B8C608A46E28}.Debug|Any CPU.Build.0 = Debug|Any CPU
		{C9EA9975-0609-4330-A69F-B8C608A46E28}.Debug|Mixed Platforms.ActiveCfg = Debug|Any CPU
		{C9EA9975-0609-4330-A69F-B8C608A46E28}.Debug|Mixed Platforms.Build.0 = Debug|Any CPU
		{C9EA9975-0609-4330-A69F-B8C608A46E28}.Debug|x86.ActiveCfg = Debug|Any CPU
		{C9EA9975-0609-4330-A69F-B8C608A46E28}.Release|.NET.ActiveCfg = Release|Any CPU
		{C9EA9975-0609-4330-A69F-B8C608A46E28}.Release|Any CPU.ActiveCfg = Release|Any CPU
		{C9EA9975-0609-4330-A69F-B8C608A46E28}.Release|Any CPU.Build.0 = Release|Any CPU
		{C9EA9975-0609-4330-A69F-B8C608A46E28}.Release|Mixed Platforms.ActiveCfg = Release|Any CPU
		{C9EA9975-0609-4330-A69F-B8C608A46E28}.Release|Mixed Platforms.Build.0 = Release|Any CPU
		{C9EA9975-0609-4330-A69F-B8C608A46E28}.Release|x86.ActiveCfg = Release|Any CPU
	EndGlobalSection
	GlobalSection(NestedProjects) = preSolution
	EndGlobalSection
	GlobalSection(MonoDevelopProperties) = preSolution
		StartupItem = ElasticElmah.Appender\ElasticElmah.Appender.csproj
	EndGlobalSection
	GlobalSection(SolutionProperties) = preSolution
		HideSolutionNode = FALSE
	EndGlobalSection
EndGlobal
